
Microsoft Visual Studio Solution File, Format Version 12.00
Project("{FAE04EC0-301F-11D3-BF4B-00C04F79EFBC}") = "TaskTracker", "TaskTracker\TaskTracker.csproj", "{F3183F2B-CB72-4715-98CF-AA7F5186EFB9}"
EndProject
Global
	GlobalSection(SolutionConfigurationPlatforms) = preSolution
		Debug|Any CPU = Debug|Any CPU
		Release|Any CPU = Release|Any CPU
	EndGlobalSection
	GlobalSection(ProjectConfigurationPlatforms) = postSolution
		{F3183F2B-CB72-4715-98CF-AA7F5186EFB9}.Debug|Any CPU.ActiveCfg = Debug|Any CPU
		{F3183F2B-CB72-4715-98CF-AA7F5186EFB9}.Debug|Any CPU.Build.0 = Debug|Any CPU
		{F3183F2B-CB72-4715-98CF-AA7F5186EFB9}.Release|Any CPU.ActiveCfg = Release|Any CPU
		{F3183F2B-CB72-4715-98CF-AA7F5186EFB9}.Release|Any CPU.Build.0 = Release|Any CPU
	EndGlobalSection
EndGlobal
